
Microsoft Visual Studio Solution File, Format Version 11.00
# Visual Studio 2010
Project("{FAE04EC0-301F-11D3-BF4B-00C04F79EFBC}") = "CFXRDemo", "CFXRDemo.csproj", "{f9fac664-760c-be4f-3e43-ecff096fff46}"
EndProject
Project("{FAE04EC0-301F-11D3-BF4B-00C04F79EFBC}") = "Assembly-CSharp", "Assembly-CSharp.csproj", "{3d40a1d0-c77a-2471-d688-890d720e3061}"
EndProject
Project("{FAE04EC0-301F-11D3-BF4B-00C04F79EFBC}") = "CFXRRuntime", "CFXRRuntime.csproj", "{6e0a2e76-c46e-3108-252a-9d5e6a5e20b3}"
EndProject
Project("{FAE04EC0-301F-11D3-BF4B-00C04F79EFBC}") = "KinoBloom.Runtime", "KinoBloom.Runtime.csproj", "{c4f6f603-b6bc-7df7-4903-c0bbb78fbadd}"
EndProject
Project("{FAE04EC0-301F-11D3-BF4B-00C04F79EFBC}") = "CFXREditor", "CFXREditor.csproj", "{b13a0f7c-0130-b6b6-6a82-0064de622256}"
EndProject
Project("{FAE04EC0-301F-11D3-BF4B-00C04F79EFBC}") = "CFXR.WelcomeScreen", "CFXR.WelcomeScreen.csproj", "{521b6839-7a75-a211-bebf-c360c355c18b}"
EndProject
Project("{FAE04EC0-301F-11D3-BF4B-00C04F79EFBC}") = "ToonyColorsPro.Demo.Editor", "ToonyColorsPro.Demo.Editor.csproj", "{c7f88f21-91fe-6646-0ad8-9842fdfed9ea}"
EndProject
Global
	GlobalSection(SolutionConfigurationPlatforms) = preSolution
		Debug|Any CPU = Debug|Any CPU
	EndGlobalSection
	GlobalSection(ProjectConfigurationPlatforms) = postSolution
		{f9fac664-760c-be4f-3e43-ecff096fff46}.Debug|Any CPU.ActiveCfg = Debug|Any CPU
		{f9fac664-760c-be4f-3e43-ecff096fff46}.Debug|Any CPU.Build.0 = Debug|Any CPU
		{3d40a1d0-c77a-2471-d688-890d720e3061}.Debug|Any CPU.ActiveCfg = Debug|Any CPU
		{3d40a1d0-c77a-2471-d688-890d720e3061}.Debug|Any CPU.Build.0 = Debug|Any CPU
		{6e0a2e76-c46e-3108-252a-9d5e6a5e20b3}.Debug|Any CPU.ActiveCfg = Debug|Any CPU
		{6e0a2e76-c46e-3108-252a-9d5e6a5e20b3}.Debug|Any CPU.Build.0 = Debug|Any CPU
		{c4f6f603-b6bc-7df7-4903-c0bbb78fbadd}.Debug|Any CPU.ActiveCfg = Debug|Any CPU
		{c4f6f603-b6bc-7df7-4903-c0bbb78fbadd}.Debug|Any CPU.Build.0 = Debug|Any CPU
		{b13a0f7c-0130-b6b6-6a82-0064de622256}.Debug|Any CPU.ActiveCfg = Debug|Any CPU
		{b13a0f7c-0130-b6b6-6a82-0064de622256}.Debug|Any CPU.Build.0 = Debug|Any CPU
		{521b6839-7a75-a211-bebf-c360c355c18b}.Debug|Any CPU.ActiveCfg = Debug|Any CPU
		{521b6839-7a75-a211-bebf-c360c355c18b}.Debug|Any CPU.Build.0 = Debug|Any CPU
		{c7f88f21-91fe-6646-0ad8-9842fdfed9ea}.Debug|Any CPU.ActiveCfg = Debug|Any CPU
		{c7f88f21-91fe-6646-0ad8-9842fdfed9ea}.Debug|Any CPU.Build.0 = Debug|Any CPU
	EndGlobalSection
	GlobalSection(SolutionProperties) = preSolution
		HideSolutionNode = FALSE
	EndGlobalSection
EndGlobal
